// !$*UTF8*$!
{
	archiveVersion = 1;
	classes = {
	};
	objectVersion = 46;
	objects = {

/* Begin PBXBuildFile section */
		FBE9DD431D0D08740057623B /* main.m in Sources */ = {isa = PBXBuildFile; fileRef = FBE9DD421D0D08740057623B /* main.m */; };
		FBE9DD461D0D08740057623B /* AppDelegate.m in Sources */ = {isa = PBXBuildFile; fileRef = FBE9DD451D0D08740057623B /* AppDelegate.m */; };
		FBE9DD491D0D08740057623B /* ViewController.m in Sources */ = {isa = PBXBuildFile; fileRef = FBE9DD481D0D08740057623B /* ViewController.m */; };
		FBE9DD4C1D0D08740057623B /* Main.storyboard in Resources */ = {isa = PBXBuildFile; fileRef = FBE9DD4A1D0D08740057623B /* Main.storyboard */; };
		FBE9DD4F1D0D08740057623B /* QFirst.xcdatamodeld in Sources */ = {isa = PBXBuildFile; fileRef = FBE9DD4D1D0D08740057623B /* QFirst.xcdatamodeld */; };
		FBE9DD511D0D08740057623B /* Assets.xcassets in Resources */ = {isa = PBXBuildFile; fileRef = FBE9DD501D0D08740057623B /* Assets.xcassets */; };
		FBE9DD541D0D08740057623B /* LaunchScreen.storyboard in Resources */ = {isa = PBXBuildFile; fileRef = FBE9DD521D0D08740057623B /* LaunchScreen.storyboard */; };
/* End PBXBuildFile section */

/* Begin PBXFileReference section */
		FBE9DD3E1D0D08740057623B /* QFirst.app */ = {isa = PBXFileReference; explicitFileType = wrapper.application; includeInIndex = 0; path = QFirst.app; sourceTree = BUILT_PRODUCTS_DIR; };
		FBE9DD421D0D08740057623B /* main.m */ = {isa = PBXFileReference; lastKnownFileType = sourcecode.c.objc; path = main.m; sourceTree = "<group>"; };
		FBE9DD441D0D08740057623B /* AppDelegate.h */ = {isa = PBXFileReference; lastKnownFileType = sourcecode.c.h; path = AppDelegate.h; sourceTree = "<group>"; };
		FBE9DD451D0D08740057623B /* AppDelegate.m */ = {isa = PBXFileReference; lastKnownFileType = sourcecode.c.objc; path = AppDelegate.m; sourceTree = "<group>"; };
		FBE9DD471D0D08740057623B /* ViewController.h */ = {isa = PBXFileReference; lastKnownFileType = sourcecode.c.h; path = ViewController.h; sourceTree = "<group>"; };
		FBE9DD481D0D08740057623B /* ViewController.m */ = {isa = PBXFileReference; lastKnownFileType = sourcecode.c.objc; path = ViewController.m; sourceTree = "<group>"; };
		FBE9DD4B1D0D08740057623B /* Base */ = {isa = PBXFileReference; lastKnownFileType = file.storyboard; name = Base; path = Base.lproj/Main.storyboard; sourceTree = "<group>"; };
		FBE9DD4E1D0D08740057623B /* QFirst.xcdatamodel */ = {isa = PBXFileReference; lastKnownFileType = wrapper.xcdatamodel; path = QFirst.xcdatamodel; sourceTree = "<group>"; };
		FBE9DD501D0D08740057623B /* Assets.xcassets */ = {isa = PBXFileReference; lastKnownFileType = folder.assetcatalog; path = Assets.xcassets; sourceTree = "<group>"; };
		FBE9DD531D0D08740057623B /* Base */ = {isa = PBXFileReference; lastKnownFileType = file.storyboard; name = Base; path = Base.lproj/LaunchScreen.storyboard; sourceTree = "<group>"; };
		FBE9DD551D0D08740057623B /* Info.plist */ = {isa = PBXFileReference; lastKnownFileType = text.plist.xml; path = Info.plist; sourceTree = "<group>"; };
/* End PBXFileReference section */

/* Begin PBXFrameworksBuildPhase section */
		FBE9DD3B1D0D08740057623B /* Frameworks */ = {
			isa = PBXFrameworksBuildPhase;
			buildActionMask = 2147483647;
			files = (
			);
			runOnlyForDeploymentPostprocessing = 0;
		};
/* End PBXFrameworksBuildPhase section */

/* Begin PBXGroup section */
		FBE9DD351D0D08740057623B = {
			isa = PBXGroup;
			children = (
				FBE9DD401D0D08740057623B /* QFirst */,
				FBE9DD3F1D0D08740057623B /* Products */,
			);
			sourceTree = "<group>";
		};
		FBE9DD3F1D0D08740057623B /* Products */ = {
			isa = PBXGroup;
			children = (
				FBE9DD3E1D0D08740057623B /* QFirst.app */,
			);
			name = Products;
			sourceTree = "<group>";
		};
		FBE9DD401D0D08740057623B /* QFirst */ = {
			isa = PBXGroup;
			children = (
				FBE9DD441D0D08740057623B /* AppDelegate.h */,
				FBE9DD451D0D08740057623B /* AppDelegate.m */,
				FBE9DD471D0D08740057623B /* ViewController.h */,
				FBE9DD481D0D08740057623B /* ViewController.m */,
				FBE9DD4A1D0D08740057623B /* Main.storyboard */,
				FBE9DD501D0D08740057623B /* Assets.xcassets */,
				FBE9DD521D0D08740057623B /* LaunchScreen.storyboard */,
				FBE9DD551D0D08740057623B /* Info.plist */,
				FBE9DD4D1D0D08740057623B /* QFirst.xcdatamodeld */,
				FBE9DD411D0D08740057623B /* Supporting Files */,
			);
			path = QFirst;
			sourceTree = "<group>";
		};
		FBE9DD411D0D08740057623B /* Supporting Files */ = {
			isa = PBXGroup;
			children = (
				FBE9DD421D0D08740057623B /* main.m */,
			);
			name = "Supporting Files";
			sourceTree = "<group>";
		};
/* End PBXGroup section */

/* Begin PBXNativeTarget section */
		FBE9DD3D1D0D08740057623B /* QFirst */ = {
			isa = PBXNativeTarget;
			buildConfigurationList = FBE9DD581D0D08740057623B /* Build configuration list for PBXNativeTarget "QFirst" */;
			buildPhases = (
				FBE9DD3A1D0D08740057623B /* Sources */,
				FBE9DD3B1D0D08740057623B /* Frameworks */,
				FBE9DD3C1D0D08740057623B /* Resources */,
			);
			buildRules = (
			);
			dependencies = (
			);
			name = QFirst;
			productName = QFirst;
			productReference = FBE9DD3E1D0D08740057623B /* QFirst.app */;
			productType = "com.apple.product-type.application";
		};
/* End PBXNativeTarget section */

/* Begin PBXProject section */
		FBE9DD361D0D08740057623B /* Project object */ = {
			isa = PBXProject;
			attributes = {
				LastUpgradeCheck = 0730;
				ORGANIZATIONNAME = "EKOO LAB PTE. LTD.";
				TargetAttributes = {
					FBE9DD3D1D0D08740057623B = {
						CreatedOnToolsVersion = 7.3;
					};
				};
			};
			buildConfigurationList = FBE9DD391D0D08740057623B /* Build configuration list for PBXProject "QFirst" */;
			compatibilityVersion = "Xcode 3.2";
			developmentRegion = English;
			hasScannedForEncodings = 0;
			knownRegions = (
				en,
				Base,
			);
			mainGroup = FBE9DD351D0D08740057623B;
			productRefGroup = FBE9DD3F1D0D08740057623B /* Products */;
			projectDirPath = "";
			projectRoot = "";
			targets = (
				FBE9DD3D1D0D08740057623B /* QFirst */,
			);
		};
/* End PBXProject section */

/* Begin PBXResourcesBuildPhase section */
		FBE9DD3C1D0D08740057623B /* Resources */ = {
			isa = PBXResourcesBuildPhase;
			buildActionMask = 2147483647;
			files = (
				FBE9DD541D0D08740057623B /* LaunchScreen.storyboard in Resources */,
				FBE9DD511D0D08740057623B /* Assets.xcassets in Resources */,
				FBE9DD4C1D0D08740057623B /* Main.storyboard in Resources */,
			);
			runOnlyForDeploymentPostprocessing = 0;
		};
/* End PBXResourcesBuildPhase section */

/* Begin PBXSourcesBuildPhase section */
		FBE9DD3A1D0D08740057623B /* Sources */ = {
			isa = PBXSourcesBuildPhase;
			buildActionMask = 2147483647;
			files = (
				FBE9DD4F1D0D08740057623B /* QFirst.xcdatamodeld in Sources */,
				FBE9DD491D0D08740057623B /* ViewController.m in Sources */,
				FBE9DD461D0D08740057623B /* AppDelegate.m in Sources */,
				FBE9DD431D0D08740057623B /* main.m in Sources */,
			);
			runOnlyForDeploymentPostprocessing = 0;
		};
/* End PBXSourcesBuildPhase section */

/* Begin PBXVariantGroup section */
		FBE9DD4A1D0D08740057623B /* Main.storyboard */ = {
			isa = PBXVariantGroup;
			children = (
				FBE9DD4B1D0D08740057623B /* Base */,
			);
			name = Main.storyboard;
			sourceTree = "<group>";
		};
		FBE9DD521D0D08740057623B /* LaunchScreen.storyboard */ = {
			isa = PBXVariantGroup;
			children = (
				FBE9DD531D0D08740057623B /* Base */,
			);
			name = LaunchScreen.storyboard;
			sourceTree = "<group>";
		};
/* End PBXVariantGroup section */

/* Begin XCBuildConfiguration section */
		FBE9DD561D0D08740057623B /* Debug */ = {
			isa = XCBuildConfiguration;
			buildSettings = {
				ALWAYS_SEARCH_USER_PATHS = NO;
				CLANG_ANALYZER_NONNULL = YES;
				CLANG_CXX_LANGUAGE_STANDARD = "gnu++0x";
				CLANG_CXX_LIBRARY = "libc++";
				CLANG_ENABLE_MODULES = YES;
				CLANG_ENABLE_OBJC_ARC = YES;
				CLANG_WARN_BOOL_CONVERSION = YES;
				CLANG_WARN_CONSTANT_CONVERSION = YES;
				CLANG_WARN_DIRECT_OBJC_ISA_USAGE = YES_ERROR;
				CLANG_WARN_EMPTY_BODY = YES;
				CLANG_WARN_ENUM_CONVERSION = YES;
				CLANG_WARN_INT_CONVERSION = YES;
				CLANG_WARN_OBJC_ROOT_CLASS = YES_ERROR;
				CLANG_WARN_UNREACHABLE_CODE = YES;
				CLANG_WARN__DUPLICATE_METHOD_MATCH = YES;
				"CODE_SIGN_IDENTITY[sdk=iphoneos*]" = "iPhone Developer";
				COPY_PHASE_STRIP = NO;
				DEBUG_INFORMATION_FORMAT = dwarf;
				ENABLE_STRICT_OBJC_MSGSEND = YES;
				ENABLE_TESTABILITY = YES;
				GCC_C_LANGUAGE_STANDARD = gnu99;
				GCC_DYNAMIC_NO_PIC = NO;
				GCC_NO_COMMON_BLOCKS = YES;
				GCC_OPTIMIZATION_LEVEL = 0;
				GCC_PREPROCESSOR_DEFINITIONS = (
					"DEBUG=1",
					"$(inherited)",
				);
				GCC_WARN_64_TO_32_BIT_CONVERSION = YES;
				GCC_WARN_ABOUT_RETURN_TYPE = YES_ERROR;
				GCC_WARN_UNDECLARED_SELECTOR = YES;
				GCC_WARN_UNINITIALIZED_AUTOS = YES_AGGRESSIVE;
				GCC_WARN_UNUSED_FUNCTION = YES;
				GCC_WARN_UNUSED_VARIABLE = YES;
				IPHONEOS_DEPLOYMENT_TARGET = 9.3;
				MTL_ENABLE_DEBUG_INFO = YES;
				ONLY_ACTIVE_ARCH = YES;
				SDKROOT = iphoneos;
			};
			name = Debug;
		};
		FBE9DD571D0D08740057623B /* Release */ = {
			isa = XCBuildConfiguration;
			buildSettings = {
				ALWAYS_SEARCH_USER_PATHS = NO;
				CLANG_ANALYZER_NONNULL = YES;
				CLANG_CXX_LANGUAGE_STANDARD = "gnu++0x";
				CLANG_CXX_LIBRARY = "libc++";
				CLANG_ENABLE_MODULES = YES;
				CLANG_ENABLE_OBJC_ARC = YES;
				CLANG_WARN_BOOL_CONVERSION = YES;
				CLANG_WARN_CONSTANT_CONVERSION = YES;
				CLANG_WARN_DIRECT_OBJC_ISA_USAGE = YES_ERROR;
				CLANG_WARN_EMPTY_BODY = YES;
				CLANG_WARN_ENUM_CONVERSION = YES;
				CLANG_WARN_INT_CONVERSION = YES;
				CLANG_WARN_OBJC_ROOT_CLASS = YES_ERROR;
				CLANG_WARN_UNREACHABLE_CODE = YES;
				CLANG_WARN__DUPLICATE_METHOD_MATCH = YES;
				"CODE_SIGN_IDENTITY[sdk=iphoneos*]" = "iPhone Developer";
				COPY_PHASE_STRIP = NO;
				DEBUG_INFORMATION_FORMAT = "dwarf-with-dsym";
				ENABLE_NS_ASSERTIONS = NO;
				ENABLE_STRICT_OBJC_MSGSEND = YES;
				GCC_C_LANGUAGE_STANDARD = gnu99;
				GCC_NO_COMMON_BLOCKS = YES;
				GCC_WARN_64_TO_32_BIT_CONVERSION = YES;
				GCC_WARN_ABOUT_RETURN_TYPE = YES_ERROR;
				GCC_WARN_UNDECLARED_SELECTOR = YES;
				GCC_WARN_UNINITIALIZED_AUTOS = YES_AGGRESSIVE;
				GCC_WARN_UNUSED_FUNCTION = YES;
				GCC_WARN_UNUSED_VARIABLE = YES;
				IPHONEOS_DEPLOYMENT_TARGET = 9.3;
				MTL_ENABLE_DEBUG_INFO = NO;
				SDKROOT = iphoneos;
				VALIDATE_PRODUCT = YES;
			};
			name = Release;
		};
		FBE9DD591D0D08740057623B /* Debug */ = {
			isa = XCBuildConfiguration;
			buildSettings = {
				ASSETCATALOG_COMPILER_APPICON_NAME = AppIcon;
				INFOPLIST_FILE = QFirst/Info.plist;
				LD_RUNPATH_SEARCH_PATHS = "$(inherited) @executable_path/Frameworks";
				PRODUCT_BUNDLE_IDENTIFIER = ekoolab.QFirst;
				PRODUCT_NAME = "$(TARGET_NAME)";
			};
			name = Debug;
		};
		FBE9DD5A1D0D08740057623B /* Release */ = {
			isa = XCBuildConfiguration;
			buildSettings = {
				ASSETCATALOG_COMPILER_APPICON_NAME = AppIcon;
				INFOPLIST_FILE = QFirst/Info.plist;
				LD_RUNPATH_SEARCH_PATHS = "$(inherited) @executable_path/Frameworks";
				PRODUCT_BUNDLE_IDENTIFIER = ekoolab.QFirst;
				PRODUCT_NAME = "$(TARGET_NAME)";
			};
			name = Release;
		};
/* End XCBuildConfiguration section */

/* Begin XCConfigurationList section */
		FBE9DD391D0D08740057623B /* Build configuration list for PBXProject "QFirst" */ = {
			isa = XCConfigurationList;
			buildConfigurations = (
				FBE9DD561D0D08740057623B /* Debug */,
				FBE9DD571D0D08740057623B /* Release */,
			);
			defaultConfigurationIsVisible = 0;
			defaultConfigurationName = Release;
		};
		FBE9DD581D0D08740057623B /* Build configuration list for PBXNativeTarget "QFirst" */ = {
			isa = XCConfigurationList;
			buildConfigurations = (
				FBE9DD591D0D08740057623B /* Debug */,
				FBE9DD5A1D0D08740057623B /* Release */,
			);
			defaultConfigurationIsVisible = 0;
		};
/* End XCConfigurationList section */

/* Begin XCVersionGroup section */
		FBE9DD4D1D0D08740057623B /* QFirst.xcdatamodeld */ = {
			isa = XCVersionGroup;
			children = (
				FBE9DD4E1D0D08740057623B /* QFirst.xcdatamodel */,
			);
			currentVersion = FBE9DD4E1D0D08740057623B /* QFirst.xcdatamodel */;
			path = QFirst.xcdatamodeld;
			sourceTree = "<group>";
			versionGroupType = wrapper.xcdatamodel;
		};
/* End XCVersionGroup section */
	};
	rootObject = FBE9DD361D0D08740057623B /* Project object */;
}
