// !$*UTF8*$!
{
	archiveVersion = 1;
	classes = {
	};
	objectVersion = 46;
	objects = {

/* Begin PBXBuildFile section */
		2F35AA0ABF110E607471B062 /* Pods_QFirst.framework in Frameworks */ = {isa = PBXBuildFile; fileRef = F522DE2272FADC61A2F3F694 /* Pods_QFirst.framework */; };
		FB38A1C11D15B13200BA6CCF /* User.m in Sources */ = {isa = PBXBuildFile; fileRef = FB38A1C01D15B13200BA6CCF /* User.m */; };
		FB38A1C41D15B1FE00BA6CCF /* Image.m in Sources */ = {isa = PBXBuildFile; fileRef = FB38A1C31D15B1FE00BA6CCF /* Image.m */; };
		FBD660801D157BCE0026FF70 /* qfirst.xcdatamodeld in Sources */ = {isa = PBXBuildFile; fileRef = FBD6607E1D157BCE0026FF70 /* qfirst.xcdatamodeld */; };
		FBD660871D1585070026FF70 /* Reachability.m in Sources */ = {isa = PBXBuildFile; fileRef = FBD660861D1585070026FF70 /* Reachability.m */; };
		FBD660941D15A4F40026FF70 /* DBClinic+CoreDataProperties.m in Sources */ = {isa = PBXBuildFile; fileRef = FBD660891D15A4F40026FF70 /* DBClinic+CoreDataProperties.m */; };
		FBD660951D15A4F40026FF70 /* DBClinic.m in Sources */ = {isa = PBXBuildFile; fileRef = FBD6608B1D15A4F40026FF70 /* DBClinic.m */; };
		FBD660961D15A4F40026FF70 /* DBImage+CoreDataProperties.m in Sources */ = {isa = PBXBuildFile; fileRef = FBD6608D1D15A4F40026FF70 /* DBImage+CoreDataProperties.m */; };
		FBD660971D15A4F40026FF70 /* DBImage.m in Sources */ = {isa = PBXBuildFile; fileRef = FBD6608F1D15A4F40026FF70 /* DBImage.m */; };
		FBD660981D15A4F40026FF70 /* DBUser+CoreDataProperties.m in Sources */ = {isa = PBXBuildFile; fileRef = FBD660911D15A4F40026FF70 /* DBUser+CoreDataProperties.m */; };
		FBD660991D15A4F40026FF70 /* DBUser.m in Sources */ = {isa = PBXBuildFile; fileRef = FBD660931D15A4F40026FF70 /* DBUser.m */; };
		FBD6609C1D15A9000026FF70 /* DoctorDetailViewController.m in Sources */ = {isa = PBXBuildFile; fileRef = FBD6609B1D15A9000026FF70 /* DoctorDetailViewController.m */; };
		FBE9DD431D0D08740057623B /* main.m in Sources */ = {isa = PBXBuildFile; fileRef = FBE9DD421D0D08740057623B /* main.m */; };
		FBE9DD461D0D08740057623B /* AppDelegate.m in Sources */ = {isa = PBXBuildFile; fileRef = FBE9DD451D0D08740057623B /* AppDelegate.m */; };
		FBE9DD4C1D0D08740057623B /* Main.storyboard in Resources */ = {isa = PBXBuildFile; fileRef = FBE9DD4A1D0D08740057623B /* Main.storyboard */; };
		FBE9DD511D0D08740057623B /* Assets.xcassets in Resources */ = {isa = PBXBuildFile; fileRef = FBE9DD501D0D08740057623B /* Assets.xcassets */; };
		FBE9DD541D0D08740057623B /* LaunchScreen.storyboard in Resources */ = {isa = PBXBuildFile; fileRef = FBE9DD521D0D08740057623B /* LaunchScreen.storyboard */; };
		FBE9DD711D0D096C0057623B /* BookHistoryViewController.m in Sources */ = {isa = PBXBuildFile; fileRef = FBE9DD5C1D0D096C0057623B /* BookHistoryViewController.m */; };
		FBE9DD721D0D096C0057623B /* BookmarkSearchResultTableViewController.m in Sources */ = {isa = PBXBuildFile; fileRef = FBE9DD5E1D0D096C0057623B /* BookmarkSearchResultTableViewController.m */; };
		FBE9DD731D0D096C0057623B /* BookmarkViewController.m in Sources */ = {isa = PBXBuildFile; fileRef = FBE9DD601D0D096C0057623B /* BookmarkViewController.m */; };
		FBE9DD741D0D096C0057623B /* ClinicDetailViewController.m in Sources */ = {isa = PBXBuildFile; fileRef = FBE9DD621D0D096C0057623B /* ClinicDetailViewController.m */; };
		FBE9DD751D0D096C0057623B /* ClinicSearchResultTableViewController.m in Sources */ = {isa = PBXBuildFile; fileRef = FBE9DD641D0D096C0057623B /* ClinicSearchResultTableViewController.m */; };
		FBE9DD761D0D096C0057623B /* ClinicViewController.m in Sources */ = {isa = PBXBuildFile; fileRef = FBE9DD661D0D096C0057623B /* ClinicViewController.m */; };
		FBE9DD781D0D096C0057623B /* LoginViewController.m in Sources */ = {isa = PBXBuildFile; fileRef = FBE9DD6A1D0D096C0057623B /* LoginViewController.m */; };
		FBE9DD791D0D096C0057623B /* MeViewController.m in Sources */ = {isa = PBXBuildFile; fileRef = FBE9DD6C1D0D096C0057623B /* MeViewController.m */; };
		FBE9DD7A1D0D096C0057623B /* QRCodeViewController.m in Sources */ = {isa = PBXBuildFile; fileRef = FBE9DD6E1D0D096C0057623B /* QRCodeViewController.m */; };
		FBE9DD7B1D0D096C0057623B /* TimelineViewController.m in Sources */ = {isa = PBXBuildFile; fileRef = FBE9DD701D0D096C0057623B /* TimelineViewController.m */; };
		FBE9DDA21D0D0BC70057623B /* FAImageView.m in Sources */ = {isa = PBXBuildFile; fileRef = FBE9DD9C1D0D0BC70057623B /* FAImageView.m */; };
		FBE9DDA31D0D0BC70057623B /* FontAwesome.ttf in Resources */ = {isa = PBXBuildFile; fileRef = FBE9DD9D1D0D0BC70057623B /* FontAwesome.ttf */; };
		FBE9DDA41D0D0BC70057623B /* NSString+FontAwesome.m in Sources */ = {isa = PBXBuildFile; fileRef = FBE9DD9F1D0D0BC70057623B /* NSString+FontAwesome.m */; };
		FBE9DDA51D0D0BC70057623B /* UIFont+FontAwesome.m in Sources */ = {isa = PBXBuildFile; fileRef = FBE9DDA11D0D0BC70057623B /* UIFont+FontAwesome.m */; };
		FBE9DDA81D0D0BEA0057623B /* MozTopAlertView.m in Sources */ = {isa = PBXBuildFile; fileRef = FBE9DDA71D0D0BEA0057623B /* MozTopAlertView.m */; };
		FBE9DDB21D0D0C320057623B /* QRItem.m in Sources */ = {isa = PBXBuildFile; fileRef = FBE9DDAB1D0D0C320057623B /* QRItem.m */; };
		FBE9DDB31D0D0C320057623B /* QRMenu.m in Sources */ = {isa = PBXBuildFile; fileRef = FBE9DDAD1D0D0C320057623B /* QRMenu.m */; };
		FBE9DDB41D0D0C320057623B /* QRUtil.m in Sources */ = {isa = PBXBuildFile; fileRef = FBE9DDAF1D0D0C320057623B /* QRUtil.m */; };
		FBE9DDB51D0D0C320057623B /* QRView.m in Sources */ = {isa = PBXBuildFile; fileRef = FBE9DDB11D0D0C320057623B /* QRView.m */; };
		FBE9DDB91D0D0C620057623B /* FXBlurView.m in Sources */ = {isa = PBXBuildFile; fileRef = FBE9DDB81D0D0C620057623B /* FXBlurView.m */; };
		FBE9DDC81D0D0CB10057623B /* DoctorCell.m in Sources */ = {isa = PBXBuildFile; fileRef = FBE9DDBC1D0D0CB10057623B /* DoctorCell.m */; };
		FBE9DDC91D0D0CB10057623B /* DoctorCell.xib in Resources */ = {isa = PBXBuildFile; fileRef = FBE9DDBD1D0D0CB10057623B /* DoctorCell.xib */; };
		FBE9DDCA1D0D0CB10057623B /* PasscodeView.m in Sources */ = {isa = PBXBuildFile; fileRef = FBE9DDBF1D0D0CB10057623B /* PasscodeView.m */; };
		FBE9DDCB1D0D0CB10057623B /* PasscodeView.xib in Resources */ = {isa = PBXBuildFile; fileRef = FBE9DDC01D0D0CB10057623B /* PasscodeView.xib */; };
		FBE9DDCC1D0D0CB10057623B /* SignupView.m in Sources */ = {isa = PBXBuildFile; fileRef = FBE9DDC21D0D0CB10057623B /* SignupView.m */; };
		FBE9DDCD1D0D0CB10057623B /* SignupView.xib in Resources */ = {isa = PBXBuildFile; fileRef = FBE9DDC31D0D0CB10057623B /* SignupView.xib */; };
		FBE9DDCE1D0D0CB10057623B /* TimeCell.m in Sources */ = {isa = PBXBuildFile; fileRef = FBE9DDC51D0D0CB10057623B /* TimeCell.m */; };
		FBE9DDCF1D0D0CB10057623B /* UILabel+DynamicSize.m in Sources */ = {isa = PBXBuildFile; fileRef = FBE9DDC71D0D0CB10057623B /* UILabel+DynamicSize.m */; };
		FBE9DDD41D0D0CE20057623B /* ConstantValues.m in Sources */ = {isa = PBXBuildFile; fileRef = FBE9DDD11D0D0CE20057623B /* ConstantValues.m */; };
		FBE9DDD51D0D0CE20057623B /* Utils.m in Sources */ = {isa = PBXBuildFile; fileRef = FBE9DDD31D0D0CE20057623B /* Utils.m */; };
		FBE9DDDB1D0D20E00057623B /* LocationService.m in Sources */ = {isa = PBXBuildFile; fileRef = FBE9DDDA1D0D20E00057623B /* LocationService.m */; };
		FBE9DDE11D0DBA3F0057623B /* BookHistorySearchTableViewController.m in Sources */ = {isa = PBXBuildFile; fileRef = FBE9DDE01D0DBA3F0057623B /* BookHistorySearchTableViewController.m */; };
		FBE9DE0D1D0EDF9C0057623B /* Reservation.m in Sources */ = {isa = PBXBuildFile; fileRef = FBE9DDFF1D0EDF9C0057623B /* Reservation.m */; };
		FBE9DE161D0EE4920057623B /* TimeLine.m in Sources */ = {isa = PBXBuildFile; fileRef = FBE9DE151D0EE4920057623B /* TimeLine.m */; };
/* End PBXBuildFile section */

/* Begin PBXFileReference section */
		4AEF171B9F4336F1972CE758 /* Pods-QFirst.release.xcconfig */ = {isa = PBXFileReference; includeInIndex = 1; lastKnownFileType = text.xcconfig; name = "Pods-QFirst.release.xcconfig"; path = "Pods/Target Support Files/Pods-QFirst/Pods-QFirst.release.xcconfig"; sourceTree = "<group>"; };
		CECF10B6D318714464CB153C /* Pods-QFirst.debug.xcconfig */ = {isa = PBXFileReference; includeInIndex = 1; lastKnownFileType = text.xcconfig; name = "Pods-QFirst.debug.xcconfig"; path = "Pods/Target Support Files/Pods-QFirst/Pods-QFirst.debug.xcconfig"; sourceTree = "<group>"; };
		F522DE2272FADC61A2F3F694 /* Pods_QFirst.framework */ = {isa = PBXFileReference; explicitFileType = wrapper.framework; includeInIndex = 0; path = Pods_QFirst.framework; sourceTree = BUILT_PRODUCTS_DIR; };
		FB38A1BF1D15B13200BA6CCF /* User.h */ = {isa = PBXFileReference; fileEncoding = 4; lastKnownFileType = sourcecode.c.h; path = User.h; sourceTree = "<group>"; };
		FB38A1C01D15B13200BA6CCF /* User.m */ = {isa = PBXFileReference; fileEncoding = 4; lastKnownFileType = sourcecode.c.objc; path = User.m; sourceTree = "<group>"; };
		FB38A1C21D15B1FE00BA6CCF /* Image.h */ = {isa = PBXFileReference; fileEncoding = 4; lastKnownFileType = sourcecode.c.h; path = Image.h; sourceTree = "<group>"; };
		FB38A1C31D15B1FE00BA6CCF /* Image.m */ = {isa = PBXFileReference; fileEncoding = 4; lastKnownFileType = sourcecode.c.objc; path = Image.m; sourceTree = "<group>"; };
		FBD6607F1D157BCE0026FF70 /* qfirst.xcdatamodel */ = {isa = PBXFileReference; lastKnownFileType = wrapper.xcdatamodel; path = qfirst.xcdatamodel; sourceTree = "<group>"; };
		FBD660851D1585070026FF70 /* Reachability.h */ = {isa = PBXFileReference; fileEncoding = 4; lastKnownFileType = sourcecode.c.h; path = Reachability.h; sourceTree = "<group>"; };
		FBD660861D1585070026FF70 /* Reachability.m */ = {isa = PBXFileReference; fileEncoding = 4; lastKnownFileType = sourcecode.c.objc; path = Reachability.m; sourceTree = "<group>"; };
		FBD660881D15A4F40026FF70 /* DBClinic+CoreDataProperties.h */ = {isa = PBXFileReference; fileEncoding = 4; lastKnownFileType = sourcecode.c.h; path = "DBClinic+CoreDataProperties.h"; sourceTree = "<group>"; };
		FBD660891D15A4F40026FF70 /* DBClinic+CoreDataProperties.m */ = {isa = PBXFileReference; fileEncoding = 4; lastKnownFileType = sourcecode.c.objc; path = "DBClinic+CoreDataProperties.m"; sourceTree = "<group>"; };
		FBD6608A1D15A4F40026FF70 /* DBClinic.h */ = {isa = PBXFileReference; fileEncoding = 4; lastKnownFileType = sourcecode.c.h; path = DBClinic.h; sourceTree = "<group>"; };
		FBD6608B1D15A4F40026FF70 /* DBClinic.m */ = {isa = PBXFileReference; fileEncoding = 4; lastKnownFileType = sourcecode.c.objc; path = DBClinic.m; sourceTree = "<group>"; };
		FBD6608C1D15A4F40026FF70 /* DBImage+CoreDataProperties.h */ = {isa = PBXFileReference; fileEncoding = 4; lastKnownFileType = sourcecode.c.h; path = "DBImage+CoreDataProperties.h"; sourceTree = "<group>"; };
		FBD6608D1D15A4F40026FF70 /* DBImage+CoreDataProperties.m */ = {isa = PBXFileReference; fileEncoding = 4; lastKnownFileType = sourcecode.c.objc; path = "DBImage+CoreDataProperties.m"; sourceTree = "<group>"; };
		FBD6608E1D15A4F40026FF70 /* DBImage.h */ = {isa = PBXFileReference; fileEncoding = 4; lastKnownFileType = sourcecode.c.h; path = DBImage.h; sourceTree = "<group>"; };
		FBD6608F1D15A4F40026FF70 /* DBImage.m */ = {isa = PBXFileReference; fileEncoding = 4; lastKnownFileType = sourcecode.c.objc; path = DBImage.m; sourceTree = "<group>"; };
		FBD660901D15A4F40026FF70 /* DBUser+CoreDataProperties.h */ = {isa = PBXFileReference; fileEncoding = 4; lastKnownFileType = sourcecode.c.h; path = "DBUser+CoreDataProperties.h"; sourceTree = "<group>"; };
		FBD660911D15A4F40026FF70 /* DBUser+CoreDataProperties.m */ = {isa = PBXFileReference; fileEncoding = 4; lastKnownFileType = sourcecode.c.objc; path = "DBUser+CoreDataProperties.m"; sourceTree = "<group>"; };
		FBD660921D15A4F40026FF70 /* DBUser.h */ = {isa = PBXFileReference; fileEncoding = 4; lastKnownFileType = sourcecode.c.h; path = DBUser.h; sourceTree = "<group>"; };
		FBD660931D15A4F40026FF70 /* DBUser.m */ = {isa = PBXFileReference; fileEncoding = 4; lastKnownFileType = sourcecode.c.objc; path = DBUser.m; sourceTree = "<group>"; };
		FBD6609A1D15A9000026FF70 /* DoctorDetailViewController.h */ = {isa = PBXFileReference; fileEncoding = 4; lastKnownFileType = sourcecode.c.h; path = DoctorDetailViewController.h; sourceTree = "<group>"; };
		FBD6609B1D15A9000026FF70 /* DoctorDetailViewController.m */ = {isa = PBXFileReference; fileEncoding = 4; lastKnownFileType = sourcecode.c.objc; path = DoctorDetailViewController.m; sourceTree = "<group>"; };
		FBE9DD3E1D0D08740057623B /* QFirst.app */ = {isa = PBXFileReference; explicitFileType = wrapper.application; includeInIndex = 0; path = QFirst.app; sourceTree = BUILT_PRODUCTS_DIR; };
		FBE9DD421D0D08740057623B /* main.m */ = {isa = PBXFileReference; lastKnownFileType = sourcecode.c.objc; path = main.m; sourceTree = "<group>"; };
		FBE9DD441D0D08740057623B /* AppDelegate.h */ = {isa = PBXFileReference; lastKnownFileType = sourcecode.c.h; path = AppDelegate.h; sourceTree = "<group>"; };
		FBE9DD451D0D08740057623B /* AppDelegate.m */ = {isa = PBXFileReference; lastKnownFileType = sourcecode.c.objc; path = AppDelegate.m; sourceTree = "<group>"; };
		FBE9DD4B1D0D08740057623B /* Base */ = {isa = PBXFileReference; lastKnownFileType = file.storyboard; name = Base; path = Base.lproj/Main.storyboard; sourceTree = "<group>"; };
		FBE9DD501D0D08740057623B /* Assets.xcassets */ = {isa = PBXFileReference; lastKnownFileType = folder.assetcatalog; path = Assets.xcassets; sourceTree = "<group>"; };
		FBE9DD531D0D08740057623B /* Base */ = {isa = PBXFileReference; lastKnownFileType = file.storyboard; name = Base; path = Base.lproj/LaunchScreen.storyboard; sourceTree = "<group>"; };
		FBE9DD551D0D08740057623B /* Info.plist */ = {isa = PBXFileReference; lastKnownFileType = text.plist.xml; path = Info.plist; sourceTree = "<group>"; };
		FBE9DD5B1D0D096C0057623B /* BookHistoryViewController.h */ = {isa = PBXFileReference; fileEncoding = 4; lastKnownFileType = sourcecode.c.h; path = BookHistoryViewController.h; sourceTree = "<group>"; };
		FBE9DD5C1D0D096C0057623B /* BookHistoryViewController.m */ = {isa = PBXFileReference; fileEncoding = 4; lastKnownFileType = sourcecode.c.objc; path = BookHistoryViewController.m; sourceTree = "<group>"; };
		FBE9DD5D1D0D096C0057623B /* BookmarkSearchResultTableViewController.h */ = {isa = PBXFileReference; fileEncoding = 4; lastKnownFileType = sourcecode.c.h; path = BookmarkSearchResultTableViewController.h; sourceTree = "<group>"; };
		FBE9DD5E1D0D096C0057623B /* BookmarkSearchResultTableViewController.m */ = {isa = PBXFileReference; fileEncoding = 4; lastKnownFileType = sourcecode.c.objc; path = BookmarkSearchResultTableViewController.m; sourceTree = "<group>"; };
		FBE9DD5F1D0D096C0057623B /* BookmarkViewController.h */ = {isa = PBXFileReference; fileEncoding = 4; lastKnownFileType = sourcecode.c.h; path = BookmarkViewController.h; sourceTree = "<group>"; };
		FBE9DD601D0D096C0057623B /* BookmarkViewController.m */ = {isa = PBXFileReference; fileEncoding = 4; lastKnownFileType = sourcecode.c.objc; path = BookmarkViewController.m; sourceTree = "<group>"; };
		FBE9DD611D0D096C0057623B /* ClinicDetailViewController.h */ = {isa = PBXFileReference; fileEncoding = 4; lastKnownFileType = sourcecode.c.h; path = ClinicDetailViewController.h; sourceTree = "<group>"; };
		FBE9DD621D0D096C0057623B /* ClinicDetailViewController.m */ = {isa = PBXFileReference; fileEncoding = 4; lastKnownFileType = sourcecode.c.objc; path = ClinicDetailViewController.m; sourceTree = "<group>"; };
		FBE9DD631D0D096C0057623B /* ClinicSearchResultTableViewController.h */ = {isa = PBXFileReference; fileEncoding = 4; lastKnownFileType = sourcecode.c.h; path = ClinicSearchResultTableViewController.h; sourceTree = "<group>"; };
		FBE9DD641D0D096C0057623B /* ClinicSearchResultTableViewController.m */ = {isa = PBXFileReference; fileEncoding = 4; lastKnownFileType = sourcecode.c.objc; path = ClinicSearchResultTableViewController.m; sourceTree = "<group>"; };
		FBE9DD651D0D096C0057623B /* ClinicViewController.h */ = {isa = PBXFileReference; fileEncoding = 4; lastKnownFileType = sourcecode.c.h; path = ClinicViewController.h; sourceTree = "<group>"; };
		FBE9DD661D0D096C0057623B /* ClinicViewController.m */ = {isa = PBXFileReference; fileEncoding = 4; lastKnownFileType = sourcecode.c.objc; path = ClinicViewController.m; sourceTree = "<group>"; };
		FBE9DD691D0D096C0057623B /* LoginViewController.h */ = {isa = PBXFileReference; fileEncoding = 4; lastKnownFileType = sourcecode.c.h; path = LoginViewController.h; sourceTree = "<group>"; };
		FBE9DD6A1D0D096C0057623B /* LoginViewController.m */ = {isa = PBXFileReference; fileEncoding = 4; lastKnownFileType = sourcecode.c.objc; path = LoginViewController.m; sourceTree = "<group>"; };
		FBE9DD6B1D0D096C0057623B /* MeViewController.h */ = {isa = PBXFileReference; fileEncoding = 4; lastKnownFileType = sourcecode.c.h; path = MeViewController.h; sourceTree = "<group>"; };
		FBE9DD6C1D0D096C0057623B /* MeViewController.m */ = {isa = PBXFileReference; fileEncoding = 4; lastKnownFileType = sourcecode.c.objc; path = MeViewController.m; sourceTree = "<group>"; };
		FBE9DD6D1D0D096C0057623B /* QRCodeViewController.h */ = {isa = PBXFileReference; fileEncoding = 4; lastKnownFileType = sourcecode.c.h; path = QRCodeViewController.h; sourceTree = "<group>"; };
		FBE9DD6E1D0D096C0057623B /* QRCodeViewController.m */ = {isa = PBXFileReference; fileEncoding = 4; lastKnownFileType = sourcecode.c.objc; path = QRCodeViewController.m; sourceTree = "<group>"; };
		FBE9DD6F1D0D096C0057623B /* TimelineViewController.h */ = {isa = PBXFileReference; fileEncoding = 4; lastKnownFileType = sourcecode.c.h; path = TimelineViewController.h; sourceTree = "<group>"; };
		FBE9DD701D0D096C0057623B /* TimelineViewController.m */ = {isa = PBXFileReference; fileEncoding = 4; lastKnownFileType = sourcecode.c.objc; path = TimelineViewController.m; sourceTree = "<group>"; };
		FBE9DD9B1D0D0BC70057623B /* FAImageView.h */ = {isa = PBXFileReference; fileEncoding = 4; lastKnownFileType = sourcecode.c.h; path = FAImageView.h; sourceTree = "<group>"; };
		FBE9DD9C1D0D0BC70057623B /* FAImageView.m */ = {isa = PBXFileReference; fileEncoding = 4; lastKnownFileType = sourcecode.c.objc; path = FAImageView.m; sourceTree = "<group>"; };
		FBE9DD9D1D0D0BC70057623B /* FontAwesome.ttf */ = {isa = PBXFileReference; lastKnownFileType = file; path = FontAwesome.ttf; sourceTree = "<group>"; };
		FBE9DD9E1D0D0BC70057623B /* NSString+FontAwesome.h */ = {isa = PBXFileReference; fileEncoding = 4; lastKnownFileType = sourcecode.c.h; path = "NSString+FontAwesome.h"; sourceTree = "<group>"; };
		FBE9DD9F1D0D0BC70057623B /* NSString+FontAwesome.m */ = {isa = PBXFileReference; fileEncoding = 4; lastKnownFileType = sourcecode.c.objc; path = "NSString+FontAwesome.m"; sourceTree = "<group>"; };
		FBE9DDA01D0D0BC70057623B /* UIFont+FontAwesome.h */ = {isa = PBXFileReference; fileEncoding = 4; lastKnownFileType = sourcecode.c.h; path = "UIFont+FontAwesome.h"; sourceTree = "<group>"; };
		FBE9DDA11D0D0BC70057623B /* UIFont+FontAwesome.m */ = {isa = PBXFileReference; fileEncoding = 4; lastKnownFileType = sourcecode.c.objc; path = "UIFont+FontAwesome.m"; sourceTree = "<group>"; };
		FBE9DDA61D0D0BEA0057623B /* MozTopAlertView.h */ = {isa = PBXFileReference; fileEncoding = 4; lastKnownFileType = sourcecode.c.h; path = MozTopAlertView.h; sourceTree = "<group>"; };
		FBE9DDA71D0D0BEA0057623B /* MozTopAlertView.m */ = {isa = PBXFileReference; fileEncoding = 4; lastKnownFileType = sourcecode.c.objc; path = MozTopAlertView.m; sourceTree = "<group>"; };
		FBE9DDAA1D0D0C320057623B /* QRItem.h */ = {isa = PBXFileReference; fileEncoding = 4; lastKnownFileType = sourcecode.c.h; path = QRItem.h; sourceTree = "<group>"; };
		FBE9DDAB1D0D0C320057623B /* QRItem.m */ = {isa = PBXFileReference; fileEncoding = 4; lastKnownFileType = sourcecode.c.objc; path = QRItem.m; sourceTree = "<group>"; };
		FBE9DDAC1D0D0C320057623B /* QRMenu.h */ = {isa = PBXFileReference; fileEncoding = 4; lastKnownFileType = sourcecode.c.h; path = QRMenu.h; sourceTree = "<group>"; };
		FBE9DDAD1D0D0C320057623B /* QRMenu.m */ = {isa = PBXFileReference; fileEncoding = 4; lastKnownFileType = sourcecode.c.objc; path = QRMenu.m; sourceTree = "<group>"; };
		FBE9DDAE1D0D0C320057623B /* QRUtil.h */ = {isa = PBXFileReference; fileEncoding = 4; lastKnownFileType = sourcecode.c.h; path = QRUtil.h; sourceTree = "<group>"; };
		FBE9DDAF1D0D0C320057623B /* QRUtil.m */ = {isa = PBXFileReference; fileEncoding = 4; lastKnownFileType = sourcecode.c.objc; path = QRUtil.m; sourceTree = "<group>"; };
		FBE9DDB01D0D0C320057623B /* QRView.h */ = {isa = PBXFileReference; fileEncoding = 4; lastKnownFileType = sourcecode.c.h; path = QRView.h; sourceTree = "<group>"; };
		FBE9DDB11D0D0C320057623B /* QRView.m */ = {isa = PBXFileReference; fileEncoding = 4; lastKnownFileType = sourcecode.c.objc; path = QRView.m; sourceTree = "<group>"; };
		FBE9DDB71D0D0C620057623B /* FXBlurView.h */ = {isa = PBXFileReference; fileEncoding = 4; lastKnownFileType = sourcecode.c.h; path = FXBlurView.h; sourceTree = "<group>"; };
		FBE9DDB81D0D0C620057623B /* FXBlurView.m */ = {isa = PBXFileReference; fileEncoding = 4; lastKnownFileType = sourcecode.c.objc; path = FXBlurView.m; sourceTree = "<group>"; };
		FBE9DDBB1D0D0CB10057623B /* DoctorCell.h */ = {isa = PBXFileReference; fileEncoding = 4; lastKnownFileType = sourcecode.c.h; path = DoctorCell.h; sourceTree = "<group>"; };
		FBE9DDBC1D0D0CB10057623B /* DoctorCell.m */ = {isa = PBXFileReference; fileEncoding = 4; lastKnownFileType = sourcecode.c.objc; path = DoctorCell.m; sourceTree = "<group>"; };
		FBE9DDBD1D0D0CB10057623B /* DoctorCell.xib */ = {isa = PBXFileReference; fileEncoding = 4; lastKnownFileType = file.xib; path = DoctorCell.xib; sourceTree = "<group>"; };
		FBE9DDBE1D0D0CB10057623B /* PasscodeView.h */ = {isa = PBXFileReference; fileEncoding = 4; lastKnownFileType = sourcecode.c.h; path = PasscodeView.h; sourceTree = "<group>"; };
		FBE9DDBF1D0D0CB10057623B /* PasscodeView.m */ = {isa = PBXFileReference; fileEncoding = 4; lastKnownFileType = sourcecode.c.objc; path = PasscodeView.m; sourceTree = "<group>"; };
		FBE9DDC01D0D0CB10057623B /* PasscodeView.xib */ = {isa = PBXFileReference; fileEncoding = 4; lastKnownFileType = file.xib; path = PasscodeView.xib; sourceTree = "<group>"; };
		FBE9DDC11D0D0CB10057623B /* SignupView.h */ = {isa = PBXFileReference; fileEncoding = 4; lastKnownFileType = sourcecode.c.h; path = SignupView.h; sourceTree = "<group>"; };
		FBE9DDC21D0D0CB10057623B /* SignupView.m */ = {isa = PBXFileReference; fileEncoding = 4; lastKnownFileType = sourcecode.c.objc; path = SignupView.m; sourceTree = "<group>"; };
		FBE9DDC31D0D0CB10057623B /* SignupView.xib */ = {isa = PBXFileReference; fileEncoding = 4; lastKnownFileType = file.xib; path = SignupView.xib; sourceTree = "<group>"; };
		FBE9DDC41D0D0CB10057623B /* TimeCell.h */ = {isa = PBXFileReference; fileEncoding = 4; lastKnownFileType = sourcecode.c.h; path = TimeCell.h; sourceTree = "<group>"; };
		FBE9DDC51D0D0CB10057623B /* TimeCell.m */ = {isa = PBXFileReference; fileEncoding = 4; lastKnownFileType = sourcecode.c.objc; path = TimeCell.m; sourceTree = "<group>"; };
		FBE9DDC61D0D0CB10057623B /* UILabel+DynamicSize.h */ = {isa = PBXFileReference; fileEncoding = 4; lastKnownFileType = sourcecode.c.h; path = "UILabel+DynamicSize.h"; sourceTree = "<group>"; };
		FBE9DDC71D0D0CB10057623B /* UILabel+DynamicSize.m */ = {isa = PBXFileReference; fileEncoding = 4; lastKnownFileType = sourcecode.c.objc; path = "UILabel+DynamicSize.m"; sourceTree = "<group>"; };
		FBE9DDD01D0D0CE20057623B /* ConstantValues.h */ = {isa = PBXFileReference; fileEncoding = 4; lastKnownFileType = sourcecode.c.h; path = ConstantValues.h; sourceTree = "<group>"; };
		FBE9DDD11D0D0CE20057623B /* ConstantValues.m */ = {isa = PBXFileReference; fileEncoding = 4; lastKnownFileType = sourcecode.c.objc; path = ConstantValues.m; sourceTree = "<group>"; };
		FBE9DDD21D0D0CE20057623B /* Utils.h */ = {isa = PBXFileReference; fileEncoding = 4; lastKnownFileType = sourcecode.c.h; path = Utils.h; sourceTree = "<group>"; };
		FBE9DDD31D0D0CE20057623B /* Utils.m */ = {isa = PBXFileReference; fileEncoding = 4; lastKnownFileType = sourcecode.c.objc; path = Utils.m; sourceTree = "<group>"; };
		FBE9DDD91D0D20E00057623B /* LocationService.h */ = {isa = PBXFileReference; fileEncoding = 4; lastKnownFileType = sourcecode.c.h; path = LocationService.h; sourceTree = "<group>"; };
		FBE9DDDA1D0D20E00057623B /* LocationService.m */ = {isa = PBXFileReference; fileEncoding = 4; lastKnownFileType = sourcecode.c.objc; path = LocationService.m; sourceTree = "<group>"; };
		FBE9DDDF1D0DBA3F0057623B /* BookHistorySearchTableViewController.h */ = {isa = PBXFileReference; fileEncoding = 4; lastKnownFileType = sourcecode.c.h; path = BookHistorySearchTableViewController.h; sourceTree = "<group>"; };
		FBE9DDE01D0DBA3F0057623B /* BookHistorySearchTableViewController.m */ = {isa = PBXFileReference; fileEncoding = 4; lastKnownFileType = sourcecode.c.objc; path = BookHistorySearchTableViewController.m; sourceTree = "<group>"; };
		FBE9DDFE1D0EDF9C0057623B /* Reservation.h */ = {isa = PBXFileReference; fileEncoding = 4; lastKnownFileType = sourcecode.c.h; path = Reservation.h; sourceTree = "<group>"; };
		FBE9DDFF1D0EDF9C0057623B /* Reservation.m */ = {isa = PBXFileReference; fileEncoding = 4; lastKnownFileType = sourcecode.c.objc; path = Reservation.m; sourceTree = "<group>"; };
		FBE9DE141D0EE4920057623B /* TimeLine.h */ = {isa = PBXFileReference; fileEncoding = 4; lastKnownFileType = sourcecode.c.h; path = TimeLine.h; sourceTree = "<group>"; };
		FBE9DE151D0EE4920057623B /* TimeLine.m */ = {isa = PBXFileReference; fileEncoding = 4; lastKnownFileType = sourcecode.c.objc; path = TimeLine.m; sourceTree = "<group>"; };
		FBE9DE171D0FDD9F0057623B /* SGLoc.gpx */ = {isa = PBXFileReference; lastKnownFileType = text.xml; path = SGLoc.gpx; sourceTree = "<group>"; };
/* End PBXFileReference section */

/* Begin PBXFrameworksBuildPhase section */
		FBE9DD3B1D0D08740057623B /* Frameworks */ = {
			isa = PBXFrameworksBuildPhase;
			buildActionMask = 2147483647;
			files = (
				2F35AA0ABF110E607471B062 /* Pods_QFirst.framework in Frameworks */,
			);
			runOnlyForDeploymentPostprocessing = 0;
		};
/* End PBXFrameworksBuildPhase section */

/* Begin PBXGroup section */
		3034E1E1624DA865281FA969 /* Frameworks */ = {
			isa = PBXGroup;
			children = (
				F522DE2272FADC61A2F3F694 /* Pods_QFirst.framework */,
			);
			name = Frameworks;
			sourceTree = "<group>";
		};
		D3BB0F5365C156607D506B62 /* Pods */ = {
			isa = PBXGroup;
			children = (
				CECF10B6D318714464CB153C /* Pods-QFirst.debug.xcconfig */,
				4AEF171B9F4336F1972CE758 /* Pods-QFirst.release.xcconfig */,
			);
			name = Pods;
			sourceTree = "<group>";
		};
		FBD660811D157CB00026FF70 /* DBModels */ = {
			isa = PBXGroup;
			children = (
				FBD6607E1D157BCE0026FF70 /* qfirst.xcdatamodeld */,
				FBD660881D15A4F40026FF70 /* DBClinic+CoreDataProperties.h */,
				FBD660891D15A4F40026FF70 /* DBClinic+CoreDataProperties.m */,
				FBD6608A1D15A4F40026FF70 /* DBClinic.h */,
				FBD6608B1D15A4F40026FF70 /* DBClinic.m */,
				FBD6608C1D15A4F40026FF70 /* DBImage+CoreDataProperties.h */,
				FBD6608D1D15A4F40026FF70 /* DBImage+CoreDataProperties.m */,
				FBD6608E1D15A4F40026FF70 /* DBImage.h */,
				FBD6608F1D15A4F40026FF70 /* DBImage.m */,
				FBD660901D15A4F40026FF70 /* DBUser+CoreDataProperties.h */,
				FBD660911D15A4F40026FF70 /* DBUser+CoreDataProperties.m */,
				FBD660921D15A4F40026FF70 /* DBUser.h */,
				FBD660931D15A4F40026FF70 /* DBUser.m */,
			);
			name = DBModels;
			sourceTree = "<group>";
		};
		FBE9DD351D0D08740057623B = {
			isa = PBXGroup;
			children = (
				FBE9DD401D0D08740057623B /* QFirst */,
				FBE9DD3F1D0D08740057623B /* Products */,
				D3BB0F5365C156607D506B62 /* Pods */,
				3034E1E1624DA865281FA969 /* Frameworks */,
			);
			sourceTree = "<group>";
		};
		FBE9DD3F1D0D08740057623B /* Products */ = {
			isa = PBXGroup;
			children = (
				FBE9DD3E1D0D08740057623B /* QFirst.app */,
			);
			name = Products;
			sourceTree = "<group>";
		};
		FBE9DD401D0D08740057623B /* QFirst */ = {
			isa = PBXGroup;
			children = (
				FBE9DDBA1D0D0C680057623B /* Tools */,
				FBE9DD7D1D0D09F30057623B /* Models */,
				FBE9DD7C1D0D097E0057623B /* Views */,
				FBE9DD5B1D0D096C0057623B /* BookHistoryViewController.h */,
				FBE9DD5C1D0D096C0057623B /* BookHistoryViewController.m */,
				FBE9DD651D0D096C0057623B /* ClinicViewController.h */,
				FBE9DD661D0D096C0057623B /* ClinicViewController.m */,
				FBE9DD631D0D096C0057623B /* ClinicSearchResultTableViewController.h */,
				FBE9DD641D0D096C0057623B /* ClinicSearchResultTableViewController.m */,
				FBE9DDDF1D0DBA3F0057623B /* BookHistorySearchTableViewController.h */,
				FBE9DDE01D0DBA3F0057623B /* BookHistorySearchTableViewController.m */,
				FBD6609A1D15A9000026FF70 /* DoctorDetailViewController.h */,
				FBD6609B1D15A9000026FF70 /* DoctorDetailViewController.m */,
				FBE9DD5F1D0D096C0057623B /* BookmarkViewController.h */,
				FBE9DD601D0D096C0057623B /* BookmarkViewController.m */,
				FBE9DD5D1D0D096C0057623B /* BookmarkSearchResultTableViewController.h */,
				FBE9DD5E1D0D096C0057623B /* BookmarkSearchResultTableViewController.m */,
				FBE9DD611D0D096C0057623B /* ClinicDetailViewController.h */,
				FBE9DD621D0D096C0057623B /* ClinicDetailViewController.m */,
				FBE9DD691D0D096C0057623B /* LoginViewController.h */,
				FBE9DD6A1D0D096C0057623B /* LoginViewController.m */,
				FBE9DD6B1D0D096C0057623B /* MeViewController.h */,
				FBE9DD6C1D0D096C0057623B /* MeViewController.m */,
				FBE9DD6D1D0D096C0057623B /* QRCodeViewController.h */,
				FBE9DD6E1D0D096C0057623B /* QRCodeViewController.m */,
				FBE9DD6F1D0D096C0057623B /* TimelineViewController.h */,
				FBE9DD701D0D096C0057623B /* TimelineViewController.m */,
				FBE9DD441D0D08740057623B /* AppDelegate.h */,
				FBE9DD451D0D08740057623B /* AppDelegate.m */,
				FBE9DE171D0FDD9F0057623B /* SGLoc.gpx */,
				FBE9DD4A1D0D08740057623B /* Main.storyboard */,
				FBE9DD501D0D08740057623B /* Assets.xcassets */,
				FBE9DD521D0D08740057623B /* LaunchScreen.storyboard */,
				FBE9DD551D0D08740057623B /* Info.plist */,
				FBE9DD411D0D08740057623B /* Supporting Files */,
			);
			path = QFirst;
			sourceTree = "<group>";
		};
		FBE9DD411D0D08740057623B /* Supporting Files */ = {
			isa = PBXGroup;
			children = (
				FBE9DD421D0D08740057623B /* main.m */,
			);
			name = "Supporting Files";
			sourceTree = "<group>";
		};
		FBE9DD7C1D0D097E0057623B /* Views */ = {
			isa = PBXGroup;
			children = (
				FBE9DDB61D0D0C4A0057623B /* FXBlurView */,
				FBE9DDA91D0D0BFE0057623B /* QRView */,
				FBE9DD991D0D0B640057623B /* TopAlertView */,
				FBE9DDBB1D0D0CB10057623B /* DoctorCell.h */,
				FBE9DDBC1D0D0CB10057623B /* DoctorCell.m */,
				FBE9DDBD1D0D0CB10057623B /* DoctorCell.xib */,
				FBE9DDBE1D0D0CB10057623B /* PasscodeView.h */,
				FBE9DDBF1D0D0CB10057623B /* PasscodeView.m */,
				FBE9DDC01D0D0CB10057623B /* PasscodeView.xib */,
				FBE9DDC11D0D0CB10057623B /* SignupView.h */,
				FBE9DDC21D0D0CB10057623B /* SignupView.m */,
				FBE9DDC31D0D0CB10057623B /* SignupView.xib */,
				FBE9DDC41D0D0CB10057623B /* TimeCell.h */,
				FBE9DDC51D0D0CB10057623B /* TimeCell.m */,
				FBE9DDC61D0D0CB10057623B /* UILabel+DynamicSize.h */,
				FBE9DDC71D0D0CB10057623B /* UILabel+DynamicSize.m */,
			);
			name = Views;
			sourceTree = "<group>";
		};
		FBE9DD7D1D0D09F30057623B /* Models */ = {
			isa = PBXGroup;
			children = (
				FBD660811D157CB00026FF70 /* DBModels */,
				FBE9DDFE1D0EDF9C0057623B /* Reservation.h */,
				FBE9DDFF1D0EDF9C0057623B /* Reservation.m */,
				FBE9DE141D0EE4920057623B /* TimeLine.h */,
				FBE9DE151D0EE4920057623B /* TimeLine.m */,
				FB38A1BF1D15B13200BA6CCF /* User.h */,
				FB38A1C01D15B13200BA6CCF /* User.m */,
				FB38A1C21D15B1FE00BA6CCF /* Image.h */,
				FB38A1C31D15B1FE00BA6CCF /* Image.m */,
			);
			name = Models;
			sourceTree = "<group>";
		};
		FBE9DD991D0D0B640057623B /* TopAlertView */ = {
			isa = PBXGroup;
			children = (
				FBE9DDA61D0D0BEA0057623B /* MozTopAlertView.h */,
				FBE9DDA71D0D0BEA0057623B /* MozTopAlertView.m */,
				FBE9DD9A1D0D0B950057623B /* fontawesome */,
			);
			name = TopAlertView;
			sourceTree = "<group>";
		};
		FBE9DD9A1D0D0B950057623B /* fontawesome */ = {
			isa = PBXGroup;
			children = (
				FBE9DD9B1D0D0BC70057623B /* FAImageView.h */,
				FBE9DD9C1D0D0BC70057623B /* FAImageView.m */,
				FBE9DD9D1D0D0BC70057623B /* FontAwesome.ttf */,
				FBE9DD9E1D0D0BC70057623B /* NSString+FontAwesome.h */,
				FBE9DD9F1D0D0BC70057623B /* NSString+FontAwesome.m */,
				FBE9DDA01D0D0BC70057623B /* UIFont+FontAwesome.h */,
				FBE9DDA11D0D0BC70057623B /* UIFont+FontAwesome.m */,
			);
			name = fontawesome;
			sourceTree = "<group>";
		};
		FBE9DDA91D0D0BFE0057623B /* QRView */ = {
			isa = PBXGroup;
			children = (
				FBE9DDAA1D0D0C320057623B /* QRItem.h */,
				FBE9DDAB1D0D0C320057623B /* QRItem.m */,
				FBE9DDAC1D0D0C320057623B /* QRMenu.h */,
				FBE9DDAD1D0D0C320057623B /* QRMenu.m */,
				FBE9DDAE1D0D0C320057623B /* QRUtil.h */,
				FBE9DDAF1D0D0C320057623B /* QRUtil.m */,
				FBE9DDB01D0D0C320057623B /* QRView.h */,
				FBE9DDB11D0D0C320057623B /* QRView.m */,
			);
			name = QRView;
			sourceTree = "<group>";
		};
		FBE9DDB61D0D0C4A0057623B /* FXBlurView */ = {
			isa = PBXGroup;
			children = (
				FBE9DDB71D0D0C620057623B /* FXBlurView.h */,
				FBE9DDB81D0D0C620057623B /* FXBlurView.m */,
			);
			name = FXBlurView;
			sourceTree = "<group>";
		};
		FBE9DDBA1D0D0C680057623B /* Tools */ = {
			isa = PBXGroup;
			children = (
				FBD660851D1585070026FF70 /* Reachability.h */,
				FBD660861D1585070026FF70 /* Reachability.m */,
				FBE9DDD01D0D0CE20057623B /* ConstantValues.h */,
				FBE9DDD11D0D0CE20057623B /* ConstantValues.m */,
				FBE9DDD21D0D0CE20057623B /* Utils.h */,
				FBE9DDD31D0D0CE20057623B /* Utils.m */,
				FBE9DDD91D0D20E00057623B /* LocationService.h */,
				FBE9DDDA1D0D20E00057623B /* LocationService.m */,
			);
			name = Tools;
			sourceTree = "<group>";
		};
/* End PBXGroup section */

/* Begin PBXNativeTarget section */
		FBE9DD3D1D0D08740057623B /* QFirst */ = {
			isa = PBXNativeTarget;
			buildConfigurationList = FBE9DD581D0D08740057623B /* Build configuration list for PBXNativeTarget "QFirst" */;
			buildPhases = (
				39D3B733974DE32310A267C6 /* 📦 Check Pods Manifest.lock */,
				FBE9DD3A1D0D08740057623B /* Sources */,
				FBE9DD3B1D0D08740057623B /* Frameworks */,
				FBE9DD3C1D0D08740057623B /* Resources */,
				E91918B6A1B0B25E98EE638A /* 📦 Embed Pods Frameworks */,
				60D8003F6F0B4573EFBC5854 /* 📦 Copy Pods Resources */,
			);
			buildRules = (
			);
			dependencies = (
			);
			name = QFirst;
			productName = QFirst;
			productReference = FBE9DD3E1D0D08740057623B /* QFirst.app */;
			productType = "com.apple.product-type.application";
		};
/* End PBXNativeTarget section */

/* Begin PBXProject section */
		FBE9DD361D0D08740057623B /* Project object */ = {
			isa = PBXProject;
			attributes = {
				LastUpgradeCheck = 0730;
				ORGANIZATIONNAME = "EKOO LAB PTE. LTD.";
				TargetAttributes = {
					FBE9DD3D1D0D08740057623B = {
						CreatedOnToolsVersion = 7.3;
					};
				};
			};
			buildConfigurationList = FBE9DD391D0D08740057623B /* Build configuration list for PBXProject "QFirst" */;
			compatibilityVersion = "Xcode 3.2";
			developmentRegion = English;
			hasScannedForEncodings = 0;
			knownRegions = (
				en,
				Base,
			);
			mainGroup = FBE9DD351D0D08740057623B;
			productRefGroup = FBE9DD3F1D0D08740057623B /* Products */;
			projectDirPath = "";
			projectRoot = "";
			targets = (
				FBE9DD3D1D0D08740057623B /* QFirst */,
			);
		};
/* End PBXProject section */

/* Begin PBXResourcesBuildPhase section */
		FBE9DD3C1D0D08740057623B /* Resources */ = {
			isa = PBXResourcesBuildPhase;
			buildActionMask = 2147483647;
			files = (
				FBE9DD541D0D08740057623B /* LaunchScreen.storyboard in Resources */,
				FBE9DD511D0D08740057623B /* Assets.xcassets in Resources */,
				FBE9DD4C1D0D08740057623B /* Main.storyboard in Resources */,
				FBE9DDCD1D0D0CB10057623B /* SignupView.xib in Resources */,
				FBE9DDC91D0D0CB10057623B /* DoctorCell.xib in Resources */,
				FBE9DDCB1D0D0CB10057623B /* PasscodeView.xib in Resources */,
				FBE9DDA31D0D0BC70057623B /* FontAwesome.ttf in Resources */,
			);
			runOnlyForDeploymentPostprocessing = 0;
		};
/* End PBXResourcesBuildPhase section */

/* Begin PBXShellScriptBuildPhase section */
		39D3B733974DE32310A267C6 /* 📦 Check Pods Manifest.lock */ = {
			isa = PBXShellScriptBuildPhase;
			buildActionMask = 2147483647;
			files = (
			);
			inputPaths = (
			);
			name = "📦 Check Pods Manifest.lock";
			outputPaths = (
			);
			runOnlyForDeploymentPostprocessing = 0;
			shellPath = /bin/sh;
			shellScript = "diff \"${PODS_ROOT}/../Podfile.lock\" \"${PODS_ROOT}/Manifest.lock\" > /dev/null\nif [[ $? != 0 ]] ; then\n    cat << EOM\nerror: The sandbox is not in sync with the Podfile.lock. Run 'pod install' or update your CocoaPods installation.\nEOM\n    exit 1\nfi\n";
			showEnvVarsInLog = 0;
		};
		60D8003F6F0B4573EFBC5854 /* 📦 Copy Pods Resources */ = {
			isa = PBXShellScriptBuildPhase;
			buildActionMask = 2147483647;
			files = (
			);
			inputPaths = (
			);
			name = "📦 Copy Pods Resources";
			outputPaths = (
			);
			runOnlyForDeploymentPostprocessing = 0;
			shellPath = /bin/sh;
			shellScript = "\"${SRCROOT}/Pods/Target Support Files/Pods-QFirst/Pods-QFirst-resources.sh\"\n";
			showEnvVarsInLog = 0;
		};
		E91918B6A1B0B25E98EE638A /* 📦 Embed Pods Frameworks */ = {
			isa = PBXShellScriptBuildPhase;
			buildActionMask = 2147483647;
			files = (
			);
			inputPaths = (
			);
			name = "📦 Embed Pods Frameworks";
			outputPaths = (
			);
			runOnlyForDeploymentPostprocessing = 0;
			shellPath = /bin/sh;
			shellScript = "\"${SRCROOT}/Pods/Target Support Files/Pods-QFirst/Pods-QFirst-frameworks.sh\"\n";
			showEnvVarsInLog = 0;
		};
/* End PBXShellScriptBuildPhase section */

/* Begin PBXSourcesBuildPhase section */
		FBE9DD3A1D0D08740057623B /* Sources */ = {
			isa = PBXSourcesBuildPhase;
			buildActionMask = 2147483647;
			files = (
				FB38A1C41D15B1FE00BA6CCF /* Image.m in Sources */,
				FBE9DDD41D0D0CE20057623B /* ConstantValues.m in Sources */,
				FBE9DD721D0D096C0057623B /* BookmarkSearchResultTableViewController.m in Sources */,
				FBE9DDA81D0D0BEA0057623B /* MozTopAlertView.m in Sources */,
				FBD660991D15A4F40026FF70 /* DBUser.m in Sources */,
				FBD660941D15A4F40026FF70 /* DBClinic+CoreDataProperties.m in Sources */,
				FBE9DDCA1D0D0CB10057623B /* PasscodeView.m in Sources */,
				FBE9DDB41D0D0C320057623B /* QRUtil.m in Sources */,
				FBD660981D15A4F40026FF70 /* DBUser+CoreDataProperties.m in Sources */,
				FB38A1C11D15B13200BA6CCF /* User.m in Sources */,
				FBE9DDDB1D0D20E00057623B /* LocationService.m in Sources */,
				FBE9DD741D0D096C0057623B /* ClinicDetailViewController.m in Sources */,
				FBE9DDCC1D0D0CB10057623B /* SignupView.m in Sources */,
				FBD660971D15A4F40026FF70 /* DBImage.m in Sources */,
				FBD6609C1D15A9000026FF70 /* DoctorDetailViewController.m in Sources */,
				FBE9DDCF1D0D0CB10057623B /* UILabel+DynamicSize.m in Sources */,
				FBE9DDD51D0D0CE20057623B /* Utils.m in Sources */,
				FBE9DD461D0D08740057623B /* AppDelegate.m in Sources */,
				FBE9DD711D0D096C0057623B /* BookHistoryViewController.m in Sources */,
				FBE9DD7A1D0D096C0057623B /* QRCodeViewController.m in Sources */,
				FBE9DDB21D0D0C320057623B /* QRItem.m in Sources */,
				FBE9DDB91D0D0C620057623B /* FXBlurView.m in Sources */,
				FBE9DE161D0EE4920057623B /* TimeLine.m in Sources */,
				FBE9DD431D0D08740057623B /* main.m in Sources */,
				FBD660801D157BCE0026FF70 /* qfirst.xcdatamodeld in Sources */,
				FBE9DDA21D0D0BC70057623B /* FAImageView.m in Sources */,
				FBD660961D15A4F40026FF70 /* DBImage+CoreDataProperties.m in Sources */,
				FBE9DDC81D0D0CB10057623B /* DoctorCell.m in Sources */,
				FBE9DDCE1D0D0CB10057623B /* TimeCell.m in Sources */,
				FBD660951D15A4F40026FF70 /* DBClinic.m in Sources */,
				FBE9DD781D0D096C0057623B /* LoginViewController.m in Sources */,
				FBE9DE0D1D0EDF9C0057623B /* Reservation.m in Sources */,
				FBE9DD791D0D096C0057623B /* MeViewController.m in Sources */,
				FBE9DD751D0D096C0057623B /* ClinicSearchResultTableViewController.m in Sources */,
				FBE9DDA51D0D0BC70057623B /* UIFont+FontAwesome.m in Sources */,
				FBE9DDE11D0DBA3F0057623B /* BookHistorySearchTableViewController.m in Sources */,
				FBE9DD761D0D096C0057623B /* ClinicViewController.m in Sources */,
				FBE9DDB31D0D0C320057623B /* QRMenu.m in Sources */,
				FBE9DDA41D0D0BC70057623B /* NSString+FontAwesome.m in Sources */,
				FBE9DD731D0D096C0057623B /* BookmarkViewController.m in Sources */,
				FBE9DD7B1D0D096C0057623B /* TimelineViewController.m in Sources */,
				FBD660871D1585070026FF70 /* Reachability.m in Sources */,
				FBE9DDB51D0D0C320057623B /* QRView.m in Sources */,
			);
			runOnlyForDeploymentPostprocessing = 0;
		};
/* End PBXSourcesBuildPhase section */

/* Begin PBXVariantGroup section */
		FBE9DD4A1D0D08740057623B /* Main.storyboard */ = {
			isa = PBXVariantGroup;
			children = (
				FBE9DD4B1D0D08740057623B /* Base */,
			);
			name = Main.storyboard;
			sourceTree = "<group>";
		};
		FBE9DD521D0D08740057623B /* LaunchScreen.storyboard */ = {
			isa = PBXVariantGroup;
			children = (
				FBE9DD531D0D08740057623B /* Base */,
			);
			name = LaunchScreen.storyboard;
			sourceTree = "<group>";
		};
/* End PBXVariantGroup section */

/* Begin XCBuildConfiguration section */
		FBE9DD561D0D08740057623B /* Debug */ = {
			isa = XCBuildConfiguration;
			buildSettings = {
				ALWAYS_SEARCH_USER_PATHS = NO;
				CLANG_ANALYZER_NONNULL = YES;
				CLANG_CXX_LANGUAGE_STANDARD = "gnu++0x";
				CLANG_CXX_LIBRARY = "libc++";
				CLANG_ENABLE_MODULES = YES;
				CLANG_ENABLE_OBJC_ARC = YES;
				CLANG_WARN_BOOL_CONVERSION = YES;
				CLANG_WARN_CONSTANT_CONVERSION = YES;
				CLANG_WARN_DIRECT_OBJC_ISA_USAGE = YES_ERROR;
				CLANG_WARN_EMPTY_BODY = YES;
				CLANG_WARN_ENUM_CONVERSION = YES;
				CLANG_WARN_INT_CONVERSION = YES;
				CLANG_WARN_OBJC_ROOT_CLASS = YES_ERROR;
				CLANG_WARN_UNREACHABLE_CODE = YES;
				CLANG_WARN__DUPLICATE_METHOD_MATCH = YES;
				"CODE_SIGN_IDENTITY[sdk=iphoneos*]" = "iPhone Developer";
				COPY_PHASE_STRIP = NO;
				DEBUG_INFORMATION_FORMAT = dwarf;
				ENABLE_STRICT_OBJC_MSGSEND = YES;
				ENABLE_TESTABILITY = YES;
				GCC_C_LANGUAGE_STANDARD = gnu99;
				GCC_DYNAMIC_NO_PIC = NO;
				GCC_NO_COMMON_BLOCKS = YES;
				GCC_OPTIMIZATION_LEVEL = 0;
				GCC_PREPROCESSOR_DEFINITIONS = (
					"DEBUG=1",
					"$(inherited)",
				);
				GCC_WARN_64_TO_32_BIT_CONVERSION = YES;
				GCC_WARN_ABOUT_RETURN_TYPE = YES_ERROR;
				GCC_WARN_UNDECLARED_SELECTOR = YES;
				GCC_WARN_UNINITIALIZED_AUTOS = YES_AGGRESSIVE;
				GCC_WARN_UNUSED_FUNCTION = YES;
				GCC_WARN_UNUSED_VARIABLE = YES;
				IPHONEOS_DEPLOYMENT_TARGET = 9.3;
				MTL_ENABLE_DEBUG_INFO = YES;
				ONLY_ACTIVE_ARCH = YES;
				SDKROOT = iphoneos;
			};
			name = Debug;
		};
		FBE9DD571D0D08740057623B /* Release */ = {
			isa = XCBuildConfiguration;
			buildSettings = {
				ALWAYS_SEARCH_USER_PATHS = NO;
				CLANG_ANALYZER_NONNULL = YES;
				CLANG_CXX_LANGUAGE_STANDARD = "gnu++0x";
				CLANG_CXX_LIBRARY = "libc++";
				CLANG_ENABLE_MODULES = YES;
				CLANG_ENABLE_OBJC_ARC = YES;
				CLANG_WARN_BOOL_CONVERSION = YES;
				CLANG_WARN_CONSTANT_CONVERSION = YES;
				CLANG_WARN_DIRECT_OBJC_ISA_USAGE = YES_ERROR;
				CLANG_WARN_EMPTY_BODY = YES;
				CLANG_WARN_ENUM_CONVERSION = YES;
				CLANG_WARN_INT_CONVERSION = YES;
				CLANG_WARN_OBJC_ROOT_CLASS = YES_ERROR;
				CLANG_WARN_UNREACHABLE_CODE = YES;
				CLANG_WARN__DUPLICATE_METHOD_MATCH = YES;
				"CODE_SIGN_IDENTITY[sdk=iphoneos*]" = "iPhone Developer";
				COPY_PHASE_STRIP = NO;
				DEBUG_INFORMATION_FORMAT = "dwarf-with-dsym";
				ENABLE_NS_ASSERTIONS = NO;
				ENABLE_STRICT_OBJC_MSGSEND = YES;
				GCC_C_LANGUAGE_STANDARD = gnu99;
				GCC_NO_COMMON_BLOCKS = YES;
				GCC_WARN_64_TO_32_BIT_CONVERSION = YES;
				GCC_WARN_ABOUT_RETURN_TYPE = YES_ERROR;
				GCC_WARN_UNDECLARED_SELECTOR = YES;
				GCC_WARN_UNINITIALIZED_AUTOS = YES_AGGRESSIVE;
				GCC_WARN_UNUSED_FUNCTION = YES;
				GCC_WARN_UNUSED_VARIABLE = YES;
				IPHONEOS_DEPLOYMENT_TARGET = 9.3;
				MTL_ENABLE_DEBUG_INFO = NO;
				SDKROOT = iphoneos;
				VALIDATE_PRODUCT = YES;
			};
			name = Release;
		};
		FBE9DD591D0D08740057623B /* Debug */ = {
			isa = XCBuildConfiguration;
			baseConfigurationReference = CECF10B6D318714464CB153C /* Pods-QFirst.debug.xcconfig */;
			buildSettings = {
				ASSETCATALOG_COMPILER_APPICON_NAME = AppIcon;
				INFOPLIST_FILE = QFirst/Info.plist;
				LD_RUNPATH_SEARCH_PATHS = "$(inherited) @executable_path/Frameworks";
				PRODUCT_BUNDLE_IDENTIFIER = ekoolab.QFirst;
				PRODUCT_NAME = "$(TARGET_NAME)";
			};
			name = Debug;
		};
		FBE9DD5A1D0D08740057623B /* Release */ = {
			isa = XCBuildConfiguration;
			baseConfigurationReference = 4AEF171B9F4336F1972CE758 /* Pods-QFirst.release.xcconfig */;
			buildSettings = {
				ASSETCATALOG_COMPILER_APPICON_NAME = AppIcon;
				INFOPLIST_FILE = QFirst/Info.plist;
				LD_RUNPATH_SEARCH_PATHS = "$(inherited) @executable_path/Frameworks";
				PRODUCT_BUNDLE_IDENTIFIER = ekoolab.QFirst;
				PRODUCT_NAME = "$(TARGET_NAME)";
			};
			name = Release;
		};
/* End XCBuildConfiguration section */

/* Begin XCConfigurationList section */
		FBE9DD391D0D08740057623B /* Build configuration list for PBXProject "QFirst" */ = {
			isa = XCConfigurationList;
			buildConfigurations = (
				FBE9DD561D0D08740057623B /* Debug */,
				FBE9DD571D0D08740057623B /* Release */,
			);
			defaultConfigurationIsVisible = 0;
			defaultConfigurationName = Release;
		};
		FBE9DD581D0D08740057623B /* Build configuration list for PBXNativeTarget "QFirst" */ = {
			isa = XCConfigurationList;
			buildConfigurations = (
				FBE9DD591D0D08740057623B /* Debug */,
				FBE9DD5A1D0D08740057623B /* Release */,
			);
			defaultConfigurationIsVisible = 0;
			defaultConfigurationName = Release;
		};
/* End XCConfigurationList section */

/* Begin XCVersionGroup section */
		FBD6607E1D157BCE0026FF70 /* qfirst.xcdatamodeld */ = {
			isa = XCVersionGroup;
			children = (
				FBD6607F1D157BCE0026FF70 /* qfirst.xcdatamodel */,
			);
			currentVersion = FBD6607F1D157BCE0026FF70 /* qfirst.xcdatamodel */;
			path = qfirst.xcdatamodeld;
			sourceTree = "<group>";
			versionGroupType = wrapper.xcdatamodel;
		};
/* End XCVersionGroup section */
	};
	rootObject = FBE9DD361D0D08740057623B /* Project object */;
}
